
Microsoft Visual Studio Solution File, Format Version 12.00
# Visual Studio Version 17
VisualStudioVersion = 17.1.32328.378
MinimumVisualStudioVersion = 10.0.40219.1
Project("{FAE04EC0-301F-11D3-BF4B-00C04F79EFBC}") = "Biblioteca", "Biblioteca\Biblioteca.csproj", "{D22F5566-62D6-4C98-AABD-80E3FAD36B28}"
EndProject
Global
	GlobalSection(SolutionConfigurationPlatforms) = preSolution
		Debug|Any CPU = Debug|Any CPU
		Release|Any CPU = Release|Any CPU
	EndGlobalSection
	GlobalSection(ProjectConfigurationPlatforms) = postSolution
		{D22F5566-62D6-4C98-AABD-80E3FAD36B28}.Debug|Any CPU.ActiveCfg = Debug|Any CPU
		{D22F5566-62D6-4C98-AABD-80E3FAD36B28}.Debug|Any CPU.Build.0 = Debug|Any CPU
		{D22F5566-62D6-4C98-AABD-80E3FAD36B28}.Release|Any CPU.ActiveCfg = Release|Any CPU
		{D22F5566-62D6-4C98-AABD-80E3FAD36B28}.Release|Any CPU.Build.0 = Release|Any CPU
	EndGlobalSection
	GlobalSection(SolutionProperties) = preSolution
		HideSolutionNode = FALSE
	EndGlobalSection
	GlobalSection(ExtensibilityGlobals) = postSolution
		SolutionGuid = {211738DC-3ED5-4048-8D74-5533E792C32C}
	EndGlobalSection
EndGlobal
